
Microsoft Visual Studio Solution File, Format Version 12.00
# Visual Studio Version 17
VisualStudioVersion = 17.13.35913.81
MinimumVisualStudioVersion = 10.0.40219.1
Project("{F184B08F-C81C-45F6-A57F-5ABD9991F28F}") = "Biodata Anggota2", "Biodata Anggota2.vbproj", "{26F305AA-61A4-4CCC-95E3-D2E1E8C565CC}"
EndProject
Global
	GlobalSection(SolutionConfigurationPlatforms) = preSolution
		Debug|Any CPU = Debug|Any CPU
		Debug|x64 = Debug|x64
		Release|Any CPU = Release|Any CPU
		Release|x64 = Release|x64
	EndGlobalSection
	GlobalSection(ProjectConfigurationPlatforms) = postSolution
		{26F305AA-61A4-4CCC-95E3-D2E1E8C565CC}.Debug|Any CPU.ActiveCfg = Debug|Any CPU
		{26F305AA-61A4-4CCC-95E3-D2E1E8C565CC}.Debug|Any CPU.Build.0 = Debug|Any CPU
		{26F305AA-61A4-4CCC-95E3-D2E1E8C565CC}.Debug|x64.ActiveCfg = Debug|x64
		{26F305AA-61A4-4CCC-95E3-D2E1E8C565CC}.Debug|x64.Build.0 = Debug|x64
		{26F305AA-61A4-4CCC-95E3-D2E1E8C565CC}.Release|Any CPU.ActiveCfg = Release|Any CPU
		{26F305AA-61A4-4CCC-95E3-D2E1E8C565CC}.Release|Any CPU.Build.0 = Release|Any CPU
		{26F305AA-61A4-4CCC-95E3-D2E1E8C565CC}.Release|x64.ActiveCfg = Release|x64
		{26F305AA-61A4-4CCC-95E3-D2E1E8C565CC}.Release|x64.Build.0 = Release|x64
	EndGlobalSection
	GlobalSection(SolutionProperties) = preSolution
		HideSolutionNode = FALSE
	EndGlobalSection
	GlobalSection(ExtensibilityGlobals) = postSolution
		SolutionGuid = {965BD656-702D-4E80-BAC2-3A2E99B98636}
	EndGlobalSection
EndGlobal
